
Microsoft Visual Studio Solution File, Format Version 12.00
# Visual Studio Version 18
VisualStudioVersion = 18.0.11012.119
MinimumVisualStudioVersion = 10.0.40219.1
Project("{FAE04EC0-301F-11D3-BF4B-00C04F79EFBC}") = "Course1", "Course1\Course1.csproj", "{E53B857C-182B-4071-81A7-4DB569D0B4A8}"
EndProject
Project("{FAE04EC0-301F-11D3-BF4B-00C04F79EFBC}") = "Course2", "Course2\Course2.csproj", "{66CC248A-F37C-478D-96F9-AA4C5642193E}"
EndProject
Project("{FAE04EC0-301F-11D3-BF4B-00C04F79EFBC}") = "Course3", "Course3\Course3.csproj", "{B84B91F4-2520-4CD6-A927-ABC5A9C0F412}"
EndProject
Global
	GlobalSection(SolutionConfigurationPlatforms) = preSolution
		Debug|Any CPU = Debug|Any CPU
		Release|Any CPU = Release|Any CPU
	EndGlobalSection
	GlobalSection(ProjectConfigurationPlatforms) = postSolution
		{E53B857C-182B-4071-81A7-4DB569D0B4A8}.Debug|Any CPU.ActiveCfg = Debug|Any CPU
		{E53B857C-182B-4071-81A7-4DB569D0B4A8}.Debug|Any CPU.Build.0 = Debug|Any CPU
		{E53B857C-182B-4071-81A7-4DB569D0B4A8}.Release|Any CPU.ActiveCfg = Release|Any CPU
		{E53B857C-182B-4071-81A7-4DB569D0B4A8}.Release|Any CPU.Build.0 = Release|Any CPU
		{66CC248A-F37C-478D-96F9-AA4C5642193E}.Debug|Any CPU.ActiveCfg = Debug|Any CPU
		{66CC248A-F37C-478D-96F9-AA4C5642193E}.Debug|Any CPU.Build.0 = Debug|Any CPU
		{66CC248A-F37C-478D-96F9-AA4C5642193E}.Release|Any CPU.ActiveCfg = Release|Any CPU
		{66CC248A-F37C-478D-96F9-AA4C5642193E}.Release|Any CPU.Build.0 = Release|Any CPU
		{B84B91F4-2520-4CD6-A927-ABC5A9C0F412}.Debug|Any CPU.ActiveCfg = Debug|Any CPU
		{B84B91F4-2520-4CD6-A927-ABC5A9C0F412}.Debug|Any CPU.Build.0 = Debug|Any CPU
		{B84B91F4-2520-4CD6-A927-ABC5A9C0F412}.Release|Any CPU.ActiveCfg = Release|Any CPU
		{B84B91F4-2520-4CD6-A927-ABC5A9C0F412}.Release|Any CPU.Build.0 = Release|Any CPU
	EndGlobalSection
	GlobalSection(SolutionProperties) = preSolution
		HideSolutionNode = FALSE
	EndGlobalSection
	GlobalSection(ExtensibilityGlobals) = postSolution
		SolutionGuid = {F5BB91AD-C894-4537-88EE-3B35DCBBA350}
	EndGlobalSection
EndGlobal
